
Microsoft Visual Studio Solution File, Format Version 12.00
# Visual Studio Version 16
VisualStudioVersion = 16.0.31624.102
MinimumVisualStudioVersion = 10.0.40219.1
Project("{FAE04EC0-301F-11D3-BF4B-00C04F79EFBC}") = "TestTimeoutFunction", "TestTimeoutFunction\TestTimeoutFunction.csproj", "{D871D9BB-A7D4-4F72-BCD1-31FC5B42E499}"
EndProject
Global
	GlobalSection(SolutionConfigurationPlatforms) = preSolution
		Debug|Any CPU = Debug|Any CPU
		Release|Any CPU = Release|Any CPU
	EndGlobalSection
	GlobalSection(ProjectConfigurationPlatforms) = postSolution
		{D871D9BB-A7D4-4F72-BCD1-31FC5B42E499}.Debug|Any CPU.ActiveCfg = Debug|Any CPU
		{D871D9BB-A7D4-4F72-BCD1-31FC5B42E499}.Debug|Any CPU.Build.0 = Debug|Any CPU
		{D871D9BB-A7D4-4F72-BCD1-31FC5B42E499}.Release|Any CPU.ActiveCfg = Release|Any CPU
		{D871D9BB-A7D4-4F72-BCD1-31FC5B42E499}.Release|Any CPU.Build.0 = Release|Any CPU
	EndGlobalSection
	GlobalSection(SolutionProperties) = preSolution
		HideSolutionNode = FALSE
	EndGlobalSection
	GlobalSection(ExtensibilityGlobals) = postSolution
		SolutionGuid = {477D7188-205A-4820-9451-2704DC991C68}
	EndGlobalSection
EndGlobal
